
Microsoft Visual Studio Solution File, Format Version 12.00
# Visual Studio Version 17
VisualStudioVersion = 17.8.34408.163
MinimumVisualStudioVersion = 10.0.40219.1
Project("{FAE04EC0-301F-11D3-BF4B-00C04F79EFBC}") = "MinerTask", "MinerTask\MinerTask.csproj", "{C386EC42-B4BB-4576-9D4F-C4A8C2F85E67}"
EndProject
Global
	GlobalSection(SolutionConfigurationPlatforms) = preSolution
		Debug|Any CPU = Debug|Any CPU
		Release|Any CPU = Release|Any CPU
	EndGlobalSection
	GlobalSection(ProjectConfigurationPlatforms) = postSolution
		{C386EC42-B4BB-4576-9D4F-C4A8C2F85E67}.Debug|Any CPU.ActiveCfg = Debug|Any CPU
		{C386EC42-B4BB-4576-9D4F-C4A8C2F85E67}.Debug|Any CPU.Build.0 = Debug|Any CPU
		{C386EC42-B4BB-4576-9D4F-C4A8C2F85E67}.Release|Any CPU.ActiveCfg = Release|Any CPU
		{C386EC42-B4BB-4576-9D4F-C4A8C2F85E67}.Release|Any CPU.Build.0 = Release|Any CPU
	EndGlobalSection
	GlobalSection(SolutionProperties) = preSolution
		HideSolutionNode = FALSE
	EndGlobalSection
	GlobalSection(ExtensibilityGlobals) = postSolution
		SolutionGuid = {A9E31883-5C2A-4AAE-8684-9FA8C14DB430}
	EndGlobalSection
EndGlobal
