
Microsoft Visual Studio Solution File, Format Version 12.00
# Visual Studio Version 17
VisualStudioVersion = 17.8.34408.163
MinimumVisualStudioVersion = 10.0.40219.1
Project("{FAE04EC0-301F-11D3-BF4B-00C04F79EFBC}") = "Orders", "Orders\Orders.csproj", "{49195FD4-41A8-4197-A773-FA4F14EC6E12}"
EndProject
Global
	GlobalSection(SolutionConfigurationPlatforms) = preSolution
		Debug|Any CPU = Debug|Any CPU
		Release|Any CPU = Release|Any CPU
	EndGlobalSection
	GlobalSection(ProjectConfigurationPlatforms) = postSolution
		{49195FD4-41A8-4197-A773-FA4F14EC6E12}.Debug|Any CPU.ActiveCfg = Debug|Any CPU
		{49195FD4-41A8-4197-A773-FA4F14EC6E12}.Debug|Any CPU.Build.0 = Debug|Any CPU
		{49195FD4-41A8-4197-A773-FA4F14EC6E12}.Release|Any CPU.ActiveCfg = Release|Any CPU
		{49195FD4-41A8-4197-A773-FA4F14EC6E12}.Release|Any CPU.Build.0 = Release|Any CPU
	EndGlobalSection
	GlobalSection(SolutionProperties) = preSolution
		HideSolutionNode = FALSE
	EndGlobalSection
	GlobalSection(ExtensibilityGlobals) = postSolution
		SolutionGuid = {680654A8-9118-4A6F-8A22-339176BF6C4C}
	EndGlobalSection
EndGlobal
