
Microsoft Visual Studio Solution File, Format Version 12.00
# Visual Studio Version 17
VisualStudioVersion = 17.8.34408.163
MinimumVisualStudioVersion = 10.0.40219.1
Project("{FAE04EC0-301F-11D3-BF4B-00C04F79EFBC}") = "NumbersEndingIn7", "NumbersEndingIn7\NumbersEndingIn7.csproj", "{51006A43-7121-418E-8B7E-DF1EAE64B56B}"
EndProject
Global
	GlobalSection(SolutionConfigurationPlatforms) = preSolution
		Debug|Any CPU = Debug|Any CPU
		Release|Any CPU = Release|Any CPU
	EndGlobalSection
	GlobalSection(ProjectConfigurationPlatforms) = postSolution
		{51006A43-7121-418E-8B7E-DF1EAE64B56B}.Debug|Any CPU.ActiveCfg = Debug|Any CPU
		{51006A43-7121-418E-8B7E-DF1EAE64B56B}.Debug|Any CPU.Build.0 = Debug|Any CPU
		{51006A43-7121-418E-8B7E-DF1EAE64B56B}.Release|Any CPU.ActiveCfg = Release|Any CPU
		{51006A43-7121-418E-8B7E-DF1EAE64B56B}.Release|Any CPU.Build.0 = Release|Any CPU
	EndGlobalSection
	GlobalSection(SolutionProperties) = preSolution
		HideSolutionNode = FALSE
	EndGlobalSection
	GlobalSection(ExtensibilityGlobals) = postSolution
		SolutionGuid = {779B7389-D11A-4200-A6DD-B90475DCAC97}
	EndGlobalSection
EndGlobal
