
Microsoft Visual Studio Solution File, Format Version 12.00
# Visual Studio Version 17
VisualStudioVersion = 17.8.34408.163
MinimumVisualStudioVersion = 10.0.40219.1
Project("{FAE04EC0-301F-11D3-BF4B-00C04F79EFBC}") = "WorkingHours", "WorkingHours\WorkingHours.csproj", "{2D93FC59-9C63-4666-91FB-A52880844925}"
EndProject
Global
	GlobalSection(SolutionConfigurationPlatforms) = preSolution
		Debug|Any CPU = Debug|Any CPU
		Release|Any CPU = Release|Any CPU
	EndGlobalSection
	GlobalSection(ProjectConfigurationPlatforms) = postSolution
		{2D93FC59-9C63-4666-91FB-A52880844925}.Debug|Any CPU.ActiveCfg = Debug|Any CPU
		{2D93FC59-9C63-4666-91FB-A52880844925}.Debug|Any CPU.Build.0 = Debug|Any CPU
		{2D93FC59-9C63-4666-91FB-A52880844925}.Release|Any CPU.ActiveCfg = Release|Any CPU
		{2D93FC59-9C63-4666-91FB-A52880844925}.Release|Any CPU.Build.0 = Release|Any CPU
	EndGlobalSection
	GlobalSection(SolutionProperties) = preSolution
		HideSolutionNode = FALSE
	EndGlobalSection
	GlobalSection(ExtensibilityGlobals) = postSolution
		SolutionGuid = {EEE0308B-6CE0-433A-9678-AE338C514F0E}
	EndGlobalSection
EndGlobal
