
Microsoft Visual Studio Solution File, Format Version 12.00
# Visual Studio Version 17
VisualStudioVersion = 17.8.34408.163
MinimumVisualStudioVersion = 10.0.40219.1
Project("{FAE04EC0-301F-11D3-BF4B-00C04F79EFBC}") = "MultiplicationSign", "MultiplicationSign\MultiplicationSign.csproj", "{32290A71-B128-431B-990A-1E51855EEE5F}"
EndProject
Global
	GlobalSection(SolutionConfigurationPlatforms) = preSolution
		Debug|Any CPU = Debug|Any CPU
		Release|Any CPU = Release|Any CPU
	EndGlobalSection
	GlobalSection(ProjectConfigurationPlatforms) = postSolution
		{32290A71-B128-431B-990A-1E51855EEE5F}.Debug|Any CPU.ActiveCfg = Debug|Any CPU
		{32290A71-B128-431B-990A-1E51855EEE5F}.Debug|Any CPU.Build.0 = Debug|Any CPU
		{32290A71-B128-431B-990A-1E51855EEE5F}.Release|Any CPU.ActiveCfg = Release|Any CPU
		{32290A71-B128-431B-990A-1E51855EEE5F}.Release|Any CPU.Build.0 = Release|Any CPU
	EndGlobalSection
	GlobalSection(SolutionProperties) = preSolution
		HideSolutionNode = FALSE
	EndGlobalSection
	GlobalSection(ExtensibilityGlobals) = postSolution
		SolutionGuid = {735E772F-81AF-4E89-A15F-3A590DF06EDF}
	EndGlobalSection
EndGlobal
