
Microsoft Visual Studio Solution File, Format Version 12.00
# Visual Studio Version 17
VisualStudioVersion = 17.8.34408.163
MinimumVisualStudioVersion = 10.0.40219.1
Project("{FAE04EC0-301F-11D3-BF4B-00C04F79EFBC}") = "GuessThePassword", "GuessThePassword\GuessThePassword.csproj", "{2201CE8F-D7C6-4E56-B8FC-4C2A99C2A9E3}"
EndProject
Global
	GlobalSection(SolutionConfigurationPlatforms) = preSolution
		Debug|Any CPU = Debug|Any CPU
		Release|Any CPU = Release|Any CPU
	EndGlobalSection
	GlobalSection(ProjectConfigurationPlatforms) = postSolution
		{2201CE8F-D7C6-4E56-B8FC-4C2A99C2A9E3}.Debug|Any CPU.ActiveCfg = Debug|Any CPU
		{2201CE8F-D7C6-4E56-B8FC-4C2A99C2A9E3}.Debug|Any CPU.Build.0 = Debug|Any CPU
		{2201CE8F-D7C6-4E56-B8FC-4C2A99C2A9E3}.Release|Any CPU.ActiveCfg = Release|Any CPU
		{2201CE8F-D7C6-4E56-B8FC-4C2A99C2A9E3}.Release|Any CPU.Build.0 = Release|Any CPU
	EndGlobalSection
	GlobalSection(SolutionProperties) = preSolution
		HideSolutionNode = FALSE
	EndGlobalSection
	GlobalSection(ExtensibilityGlobals) = postSolution
		SolutionGuid = {E281BB3F-6DCE-4F6E-8CFD-DE7B1E5B9CDA}
	EndGlobalSection
EndGlobal
