
Microsoft Visual Studio Solution File, Format Version 12.00
# Visual Studio Version 17
VisualStudioVersion = 17.8.34408.163
MinimumVisualStudioVersion = 10.0.40219.1
Project("{FAE04EC0-301F-11D3-BF4B-00C04F79EFBC}") = "DecreasingNumbers", "DecreasingNumbers\DecreasingNumbers.csproj", "{3AE841FB-6B2A-47DD-A025-802ED60867DE}"
EndProject
Global
	GlobalSection(SolutionConfigurationPlatforms) = preSolution
		Debug|Any CPU = Debug|Any CPU
		Release|Any CPU = Release|Any CPU
	EndGlobalSection
	GlobalSection(ProjectConfigurationPlatforms) = postSolution
		{3AE841FB-6B2A-47DD-A025-802ED60867DE}.Debug|Any CPU.ActiveCfg = Debug|Any CPU
		{3AE841FB-6B2A-47DD-A025-802ED60867DE}.Debug|Any CPU.Build.0 = Debug|Any CPU
		{3AE841FB-6B2A-47DD-A025-802ED60867DE}.Release|Any CPU.ActiveCfg = Release|Any CPU
		{3AE841FB-6B2A-47DD-A025-802ED60867DE}.Release|Any CPU.Build.0 = Release|Any CPU
	EndGlobalSection
	GlobalSection(SolutionProperties) = preSolution
		HideSolutionNode = FALSE
	EndGlobalSection
	GlobalSection(ExtensibilityGlobals) = postSolution
		SolutionGuid = {7ABC0EA4-AE5A-4BF0-9766-3041E2109BD2}
	EndGlobalSection
EndGlobal
