
Microsoft Visual Studio Solution File, Format Version 12.00
# Visual Studio Version 17
VisualStudioVersion = 17.8.34408.163
MinimumVisualStudioVersion = 10.0.40219.1
Project("{FAE04EC0-301F-11D3-BF4B-00C04F79EFBC}") = "PasswordValidator", "PasswordValidator\PasswordValidator.csproj", "{A7E3442E-33BE-4485-8751-6656304511E4}"
EndProject
Global
	GlobalSection(SolutionConfigurationPlatforms) = preSolution
		Debug|Any CPU = Debug|Any CPU
		Release|Any CPU = Release|Any CPU
	EndGlobalSection
	GlobalSection(ProjectConfigurationPlatforms) = postSolution
		{A7E3442E-33BE-4485-8751-6656304511E4}.Debug|Any CPU.ActiveCfg = Debug|Any CPU
		{A7E3442E-33BE-4485-8751-6656304511E4}.Debug|Any CPU.Build.0 = Debug|Any CPU
		{A7E3442E-33BE-4485-8751-6656304511E4}.Release|Any CPU.ActiveCfg = Release|Any CPU
		{A7E3442E-33BE-4485-8751-6656304511E4}.Release|Any CPU.Build.0 = Release|Any CPU
	EndGlobalSection
	GlobalSection(SolutionProperties) = preSolution
		HideSolutionNode = FALSE
	EndGlobalSection
	GlobalSection(ExtensibilityGlobals) = postSolution
		SolutionGuid = {57209B76-0FE0-41A3-9E3D-23AA61AC0939}
	EndGlobalSection
EndGlobal
