
Microsoft Visual Studio Solution File, Format Version 12.00
# Visual Studio Version 17
VisualStudioVersion = 17.8.34408.163
MinimumVisualStudioVersion = 10.0.40219.1
Project("{FAE04EC0-301F-11D3-BF4B-00C04F79EFBC}") = "Sum of Prime and Non-Prime Numbers", "Sum of Prime and Non-Prime Numbers\Sum of Prime and Non-Prime Numbers.csproj", "{171C40A2-01ED-4964-8D8F-327E2B4ADA84}"
EndProject
Global
	GlobalSection(SolutionConfigurationPlatforms) = preSolution
		Debug|Any CPU = Debug|Any CPU
		Release|Any CPU = Release|Any CPU
	EndGlobalSection
	GlobalSection(ProjectConfigurationPlatforms) = postSolution
		{171C40A2-01ED-4964-8D8F-327E2B4ADA84}.Debug|Any CPU.ActiveCfg = Debug|Any CPU
		{171C40A2-01ED-4964-8D8F-327E2B4ADA84}.Debug|Any CPU.Build.0 = Debug|Any CPU
		{171C40A2-01ED-4964-8D8F-327E2B4ADA84}.Release|Any CPU.ActiveCfg = Release|Any CPU
		{171C40A2-01ED-4964-8D8F-327E2B4ADA84}.Release|Any CPU.Build.0 = Release|Any CPU
	EndGlobalSection
	GlobalSection(SolutionProperties) = preSolution
		HideSolutionNode = FALSE
	EndGlobalSection
	GlobalSection(ExtensibilityGlobals) = postSolution
		SolutionGuid = {833C267E-6FEC-45EA-B0DD-C6AEF1897B87}
	EndGlobalSection
EndGlobal
